
Microsoft Visual Studio Solution File, Format Version 12.00
Project("{FAE04EC0-301F-11D3-BF4B-00C04F79EFBC}") = "d01", "d01\d01.csproj", "{534B4218-C8E1-4DB6-88F0-E49250F46261}"
EndProject
Project("{FAE04EC0-301F-11D3-BF4B-00C04F79EFBC}") = "d02", "d02\d02.csproj", "{F2EBFE5C-E91A-4A32-A91E-237D6D07287C}"
EndProject
Project("{FAE04EC0-301F-11D3-BF4B-00C04F79EFBC}") = "d03", "d03\d03.csproj", "{3452E768-F2E2-4917-8A80-43CF959A4CF1}"
EndProject
Global
	GlobalSection(SolutionConfigurationPlatforms) = preSolution
		Debug|Any CPU = Debug|Any CPU
		Release|Any CPU = Release|Any CPU
	EndGlobalSection
	GlobalSection(ProjectConfigurationPlatforms) = postSolution
		{534B4218-C8E1-4DB6-88F0-E49250F46261}.Debug|Any CPU.ActiveCfg = Debug|Any CPU
		{534B4218-C8E1-4DB6-88F0-E49250F46261}.Debug|Any CPU.Build.0 = Debug|Any CPU
		{534B4218-C8E1-4DB6-88F0-E49250F46261}.Release|Any CPU.ActiveCfg = Release|Any CPU
		{534B4218-C8E1-4DB6-88F0-E49250F46261}.Release|Any CPU.Build.0 = Release|Any CPU
		{F2EBFE5C-E91A-4A32-A91E-237D6D07287C}.Debug|Any CPU.ActiveCfg = Debug|Any CPU
		{F2EBFE5C-E91A-4A32-A91E-237D6D07287C}.Debug|Any CPU.Build.0 = Debug|Any CPU
		{F2EBFE5C-E91A-4A32-A91E-237D6D07287C}.Release|Any CPU.ActiveCfg = Release|Any CPU
		{F2EBFE5C-E91A-4A32-A91E-237D6D07287C}.Release|Any CPU.Build.0 = Release|Any CPU
		{3452E768-F2E2-4917-8A80-43CF959A4CF1}.Debug|Any CPU.ActiveCfg = Debug|Any CPU
		{3452E768-F2E2-4917-8A80-43CF959A4CF1}.Debug|Any CPU.Build.0 = Debug|Any CPU
		{3452E768-F2E2-4917-8A80-43CF959A4CF1}.Release|Any CPU.ActiveCfg = Release|Any CPU
		{3452E768-F2E2-4917-8A80-43CF959A4CF1}.Release|Any CPU.Build.0 = Release|Any CPU
	EndGlobalSection
EndGlobal
